# This file is autogenerated, do not edit; changes may be undone by the next 'dep ensure'.


[[projects]]
  name = "github.com/Shyp/go-git"
  packages = ["."]
  revision = "2f08c2625adca8a03b7bab1dd392316a5e0f45ff"
  version = "0.1"

[[projects]]
  name = "github.com/inconshreveable/log15"
  packages = ["."]
  revision = "b105bd37f74e5d9dc7b6ad7806715c7a2b83fd3f"
  version = "v2.11"

[[projects]]
  name = "github.com/kevinburke/go-types"
  packages = ["."]
  revision = "4297d3d97383038ce276d912d16de3eadeb7b521"

[[projects]]
  name = "github.com/kevinburke/rest"
  packages = ["."]
  revision = "67ce29f826f2153dfdb5df53c0ff7f655efb36f0"
  version = "1.0"

[[projects]]
  name = "github.com/mattn/go-colorable"
  packages = ["."]
  revision = "167de6bfdfba052fa6b2d3664c8f5272e23c9072"
  version = "v0.0.9"

[[projects]]
  name = "github.com/mattn/go-isatty"
  packages = ["."]
  revision = "fc9e8d8ef48496124e79ae0df75490096eccf6fe"
  version = "v0.0.2"

[[projects]]
  name = "github.com/pelletier/go-toml"
  packages = ["."]
  revision = "4692b8f9babfc93db58cc592ba2689d8736781de"

[[projects]]
  name = "github.com/satori/go.uuid"
  packages = ["."]
  revision = "879c5887cd475cd7864858769793b2ceb0d44feb"
  version = "v1.1.0"

[[projects]]
  branch = "master"
  name = "golang.org/x/sys"
  packages = ["unix"]
  revision = "07c182904dbd53199946ba614a412c61d3c548f5"

[[projects]]
  name = "gopkg.in/inconshreveable/log15.v2"
  packages = ["stack","term"]
  revision = "dc7890abeaadcb6a79a9a5ee30bc1897bbf97713"
  version = "v2.10"

[solve-meta]
  analyzer-name = "dep"
  analyzer-version = 1
  inputs-digest = "e5c5719af9bca1b9d867de75431bd04b012eeae666bf4ad9be01c0bfdcd29205"
  solver-name = "gps-cdcl"
  solver-version = 1
