# This file is autogenerated, do not edit; changes may be undone by the next 'dep ensure'.


[[projects]]
  name = "github.com/Shyp/go-git"
  packages = ["."]
  revision = "2f08c2625adca8a03b7bab1dd392316a5e0f45ff"
  version = "0.1"

[[projects]]
  name = "github.com/go-stack/stack"
  packages = ["."]
  revision = "259ab82a6cad3992b4e21ff5cac294ccb06474bc"
  version = "v1.7.0"

[[projects]]
  name = "github.com/inconshreveable/log15"
  packages = ["."]
  revision = "0decfc6c20d9ca0ad143b0e89dcaa20f810b4fb3"
  version = "v2.13"

[[projects]]
  name = "github.com/kevinburke/bigtext"
  packages = ["."]
  revision = "fd72dcfb912b32532896bbc98413e5bd425eb315"
  version = "0.2"

[[projects]]
  name = "github.com/kevinburke/go-types"
  packages = ["."]
  revision = "4297d3d97383038ce276d912d16de3eadeb7b521"

[[projects]]
  name = "github.com/kevinburke/rest"
  packages = ["."]
  revision = "3d559d7967b033331191ee40bafc60bc8b14d545"
  version = "2.0"

[[projects]]
  name = "github.com/mattn/go-colorable"
  packages = ["."]
  revision = "167de6bfdfba052fa6b2d3664c8f5272e23c9072"
  version = "v0.0.9"

[[projects]]
  name = "github.com/mattn/go-isatty"
  packages = ["."]
  revision = "0360b2af4f38e8d38c7fce2a9f4e702702d73a39"
  version = "v0.0.3"

[[projects]]
  name = "github.com/pelletier/go-toml"
  packages = ["."]
  revision = "4692b8f9babfc93db58cc592ba2689d8736781de"

[[projects]]
  name = "github.com/satori/go.uuid"
  packages = ["."]
  revision = "f58768cc1a7a7e77a3bd49e98cdd21419399b6a3"
  version = "v1.2.0"

[[projects]]
  branch = "master"
  name = "golang.org/x/sys"
  packages = ["unix"]
  revision = "2281fa97ef7b0c26324634d5a22f04babdac8713"

[solve-meta]
  analyzer-name = "dep"
  analyzer-version = 1
  inputs-digest = "8fdaf94fa861bdb2bccd061d88e142e2215d332d90d998d44b38a9339e90cb1b"
  solver-name = "gps-cdcl"
  solver-version = 1
